
Microsoft Visual Studio Solution File, Format Version 12.00
# Visual Studio 15
VisualStudioVersion = 15.0.26403.7
MinimumVisualStudioVersion = 10.0.40219.1
Project("{2150E333-8FDC-42A3-9474-1A3956D46DE8}") = "VFComm", "VFComm", "{6E5303A4-B111-4F90-A4FE-C5319860B1B3}"
EndProject
Project("{8BC9CEB8-8B4A-11D0-8D11-00A0C91BC942}") = "VFPluginLoader", "VFComm\VFPluginLoader\VFPluginLoader.vcxproj", "{DBC04359-A231-4703-B589-56FE3B438828}"
	ProjectSection(ProjectDependencies) = postProject
		{3E283F37-A4ED-41B7-A3E6-A2D89D131A30} = {3E283F37-A4ED-41B7-A3E6-A2D89D131A30}
		{F16F0E7C-E0FC-4A6B-A17B-CC2BA210AC3A} = {F16F0E7C-E0FC-4A6B-A17B-CC2BA210AC3A}
		{E524EBC8-3D44-41B6-B82B-EAE5855B3546} = {E524EBC8-3D44-41B6-B82B-EAE5855B3546}
	EndProjectSection
EndProject
Project("{2150E333-8FDC-42A3-9474-1A3956D46DE8}") = "VFPluginModule", "VFPluginModule", "{2A511B46-F6C8-4749-A6A7-7DE88EA85D18}"
	ProjectSection(SolutionItems) = preProject
		VFComm\VFCore\VFException.hpp = VFComm\VFCore\VFException.hpp
		VFComm\VFPluginModule\VFGUID.h = VFComm\VFPluginModule\VFGUID.h
		VFComm\VFPluginModule\VFIEventModule.h = VFComm\VFPluginModule\VFIEventModule.h
		VFComm\VFPluginModule\VFIHttpServerModule.h = VFComm\VFPluginModule\VFIHttpServerModule.h
		VFComm\VFPluginModule\VFILogModule.h = VFComm\VFPluginModule\VFILogModule.h
		VFComm\VFPluginModule\VFIModule.h = VFComm\VFPluginModule\VFIModule.h
		VFComm\VFPluginModule\VFINetClientModule.h = VFComm\VFPluginModule\VFINetClientModule.h
		VFComm\VFPluginModule\VFINetModule.h = VFComm\VFPluginModule\VFINetModule.h
		VFComm\VFPluginModule\VFIPlugin.h = VFComm\VFPluginModule\VFIPlugin.h
		VFComm\VFPluginModule\VFIPluginManager.h = VFComm\VFPluginModule\VFIPluginManager.h
		VFComm\VFPluginModule\VFIScheduleModule.h = VFComm\VFPluginModule\VFIScheduleModule.h
		VFComm\VFPluginModule\VFIWebsocketModule.h = VFComm\VFPluginModule\VFIWebsocketModule.h
		VFComm\VFCore\VFMemoryCounter.hpp = VFComm\VFCore\VFMemoryCounter.hpp
		VFComm\VFPluginModule\VFPlatform.h = VFComm\VFPluginModule\VFPlatform.h
	EndProjectSection
EndProject
Project("{8BC9CEB8-8B4A-11D0-8D11-00A0C91BC942}") = "VFCore", "VFComm\VFCore\VFCore.vcxproj", "{F16F0E7C-E0FC-4A6B-A17B-CC2BA210AC3A}"
EndProject
Project("{2150E333-8FDC-42A3-9474-1A3956D46DE8}") = "VFTutorial", "VFTutorial", "{AB855B4C-A2C6-468C-BF2D-6F49FF9E44FA}"
EndProject
Project("{8BC9CEB8-8B4A-11D0-8D11-00A0C91BC942}") = "VFNetPlugin", "VFComm\VFNetPlugin\VFNetPlugin.vcxproj", "{1044D7D8-0010-42B9-B168-9EFBF158943A}"
	ProjectSection(ProjectDependencies) = postProject
		{3E283F37-A4ED-41B7-A3E6-A2D89D131A30} = {3E283F37-A4ED-41B7-A3E6-A2D89D131A30}
		{DBC04359-A231-4703-B589-56FE3B438828} = {DBC04359-A231-4703-B589-56FE3B438828}
		{F16F0E7C-E0FC-4A6B-A17B-CC2BA210AC3A} = {F16F0E7C-E0FC-4A6B-A17B-CC2BA210AC3A}
		{E524EBC8-3D44-41B6-B82B-EAE5855B3546} = {E524EBC8-3D44-41B6-B82B-EAE5855B3546}
	EndProjectSection
EndProject
Project("{8BC9CEB8-8B4A-11D0-8D11-00A0C91BC942}") = "VFMessageDefine", "VFComm\VFMessageDefine\VFMessageDefine.vcxproj", "{E524EBC8-3D44-41B6-B82B-EAE5855B3546}"
	ProjectSection(ProjectDependencies) = postProject
		{3E283F37-A4ED-41B7-A3E6-A2D89D131A30} = {3E283F37-A4ED-41B7-A3E6-A2D89D131A30}
		{F16F0E7C-E0FC-4A6B-A17B-CC2BA210AC3A} = {F16F0E7C-E0FC-4A6B-A17B-CC2BA210AC3A}
	EndProjectSection
EndProject
Project("{2150E333-8FDC-42A3-9474-1A3956D46DE8}") = "VFDep", "VFDep", "{4FD296A0-5208-46C0-9FAF-1C6BB356E386}"
EndProject
Project("{8BC9CEB8-8B4A-11D0-8D11-00A0C91BC942}") = "libprotobuf", "Dependencies\protobuf\vsprojects\libprotobuf.vcxproj", "{3E283F37-A4ED-41B7-A3E6-A2D89D131A30}"
EndProject
Project("{8BC9CEB8-8B4A-11D0-8D11-00A0C91BC942}") = "VFKernelPlugin", "VFComm\VFKernelPlugin\VFKernelPlugin.vcxproj", "{F45B1382-5A03-435D-8FD2-668106B77DAA}"
EndProject
Project("{8BC9CEB8-8B4A-11D0-8D11-00A0C91BC942}") = "VFTutorial3", "VFTutorial\VFTutorial3\VFTutorial3.vcxproj", "{7265D3FE-9B0D-420E-98FB-D7BFFB923F16}"
EndProject
Global
	GlobalSection(SolutionConfigurationPlatforms) = preSolution
		Debug|x64 = Debug|x64
		Debug|x86 = Debug|x86
		Release|x64 = Release|x64
		Release|x86 = Release|x86
	EndGlobalSection
	GlobalSection(ProjectConfigurationPlatforms) = postSolution
		{DBC04359-A231-4703-B589-56FE3B438828}.Debug|x64.ActiveCfg = Debug|x64
		{DBC04359-A231-4703-B589-56FE3B438828}.Debug|x64.Build.0 = Debug|x64
		{DBC04359-A231-4703-B589-56FE3B438828}.Debug|x86.ActiveCfg = Debug|Win32
		{DBC04359-A231-4703-B589-56FE3B438828}.Debug|x86.Build.0 = Debug|Win32
		{DBC04359-A231-4703-B589-56FE3B438828}.Release|x64.ActiveCfg = Release|x64
		{DBC04359-A231-4703-B589-56FE3B438828}.Release|x64.Build.0 = Release|x64
		{DBC04359-A231-4703-B589-56FE3B438828}.Release|x86.ActiveCfg = Release|Win32
		{DBC04359-A231-4703-B589-56FE3B438828}.Release|x86.Build.0 = Release|Win32
		{F16F0E7C-E0FC-4A6B-A17B-CC2BA210AC3A}.Debug|x64.ActiveCfg = Debug|x64
		{F16F0E7C-E0FC-4A6B-A17B-CC2BA210AC3A}.Debug|x64.Build.0 = Debug|x64
		{F16F0E7C-E0FC-4A6B-A17B-CC2BA210AC3A}.Debug|x86.ActiveCfg = Debug|Win32
		{F16F0E7C-E0FC-4A6B-A17B-CC2BA210AC3A}.Debug|x86.Build.0 = Debug|Win32
		{F16F0E7C-E0FC-4A6B-A17B-CC2BA210AC3A}.Release|x64.ActiveCfg = Release|x64
		{F16F0E7C-E0FC-4A6B-A17B-CC2BA210AC3A}.Release|x64.Build.0 = Release|x64
		{F16F0E7C-E0FC-4A6B-A17B-CC2BA210AC3A}.Release|x86.ActiveCfg = Release|Win32
		{F16F0E7C-E0FC-4A6B-A17B-CC2BA210AC3A}.Release|x86.Build.0 = Release|Win32
		{1044D7D8-0010-42B9-B168-9EFBF158943A}.Debug|x64.ActiveCfg = Debug|x64
		{1044D7D8-0010-42B9-B168-9EFBF158943A}.Debug|x64.Build.0 = Debug|x64
		{1044D7D8-0010-42B9-B168-9EFBF158943A}.Debug|x86.ActiveCfg = Debug|Win32
		{1044D7D8-0010-42B9-B168-9EFBF158943A}.Debug|x86.Build.0 = Debug|Win32
		{1044D7D8-0010-42B9-B168-9EFBF158943A}.Release|x64.ActiveCfg = Release|x64
		{1044D7D8-0010-42B9-B168-9EFBF158943A}.Release|x64.Build.0 = Release|x64
		{1044D7D8-0010-42B9-B168-9EFBF158943A}.Release|x86.ActiveCfg = Release|Win32
		{1044D7D8-0010-42B9-B168-9EFBF158943A}.Release|x86.Build.0 = Release|Win32
		{E524EBC8-3D44-41B6-B82B-EAE5855B3546}.Debug|x64.ActiveCfg = Debug|x64
		{E524EBC8-3D44-41B6-B82B-EAE5855B3546}.Debug|x64.Build.0 = Debug|x64
		{E524EBC8-3D44-41B6-B82B-EAE5855B3546}.Debug|x86.ActiveCfg = Debug|Win32
		{E524EBC8-3D44-41B6-B82B-EAE5855B3546}.Debug|x86.Build.0 = Debug|Win32
		{E524EBC8-3D44-41B6-B82B-EAE5855B3546}.Release|x64.ActiveCfg = Release|x64
		{E524EBC8-3D44-41B6-B82B-EAE5855B3546}.Release|x64.Build.0 = Release|x64
		{E524EBC8-3D44-41B6-B82B-EAE5855B3546}.Release|x86.ActiveCfg = Release|Win32
		{E524EBC8-3D44-41B6-B82B-EAE5855B3546}.Release|x86.Build.0 = Release|Win32
		{3E283F37-A4ED-41B7-A3E6-A2D89D131A30}.Debug|x64.ActiveCfg = Debug|x64
		{3E283F37-A4ED-41B7-A3E6-A2D89D131A30}.Debug|x64.Build.0 = Debug|x64
		{3E283F37-A4ED-41B7-A3E6-A2D89D131A30}.Debug|x86.ActiveCfg = Debug|x64
		{3E283F37-A4ED-41B7-A3E6-A2D89D131A30}.Release|x64.ActiveCfg = Release|x64
		{3E283F37-A4ED-41B7-A3E6-A2D89D131A30}.Release|x64.Build.0 = Release|x64
		{3E283F37-A4ED-41B7-A3E6-A2D89D131A30}.Release|x86.ActiveCfg = Release|x64
		{F45B1382-5A03-435D-8FD2-668106B77DAA}.Debug|x64.ActiveCfg = Debug|x64
		{F45B1382-5A03-435D-8FD2-668106B77DAA}.Debug|x64.Build.0 = Debug|x64
		{F45B1382-5A03-435D-8FD2-668106B77DAA}.Debug|x86.ActiveCfg = Debug|Win32
		{F45B1382-5A03-435D-8FD2-668106B77DAA}.Debug|x86.Build.0 = Debug|Win32
		{F45B1382-5A03-435D-8FD2-668106B77DAA}.Release|x64.ActiveCfg = Release|x64
		{F45B1382-5A03-435D-8FD2-668106B77DAA}.Release|x64.Build.0 = Release|x64
		{F45B1382-5A03-435D-8FD2-668106B77DAA}.Release|x86.ActiveCfg = Release|Win32
		{F45B1382-5A03-435D-8FD2-668106B77DAA}.Release|x86.Build.0 = Release|Win32
		{7265D3FE-9B0D-420E-98FB-D7BFFB923F16}.Debug|x64.ActiveCfg = Debug|x64
		{7265D3FE-9B0D-420E-98FB-D7BFFB923F16}.Debug|x64.Build.0 = Debug|x64
		{7265D3FE-9B0D-420E-98FB-D7BFFB923F16}.Debug|x86.ActiveCfg = Debug|Win32
		{7265D3FE-9B0D-420E-98FB-D7BFFB923F16}.Debug|x86.Build.0 = Debug|Win32
		{7265D3FE-9B0D-420E-98FB-D7BFFB923F16}.Release|x64.ActiveCfg = Release|x64
		{7265D3FE-9B0D-420E-98FB-D7BFFB923F16}.Release|x64.Build.0 = Release|x64
		{7265D3FE-9B0D-420E-98FB-D7BFFB923F16}.Release|x86.ActiveCfg = Release|Win32
		{7265D3FE-9B0D-420E-98FB-D7BFFB923F16}.Release|x86.Build.0 = Release|Win32
	EndGlobalSection
	GlobalSection(SolutionProperties) = preSolution
		HideSolutionNode = FALSE
	EndGlobalSection
	GlobalSection(NestedProjects) = preSolution
		{DBC04359-A231-4703-B589-56FE3B438828} = {6E5303A4-B111-4F90-A4FE-C5319860B1B3}
		{2A511B46-F6C8-4749-A6A7-7DE88EA85D18} = {6E5303A4-B111-4F90-A4FE-C5319860B1B3}
		{F16F0E7C-E0FC-4A6B-A17B-CC2BA210AC3A} = {6E5303A4-B111-4F90-A4FE-C5319860B1B3}
		{1044D7D8-0010-42B9-B168-9EFBF158943A} = {6E5303A4-B111-4F90-A4FE-C5319860B1B3}
		{E524EBC8-3D44-41B6-B82B-EAE5855B3546} = {6E5303A4-B111-4F90-A4FE-C5319860B1B3}
		{3E283F37-A4ED-41B7-A3E6-A2D89D131A30} = {4FD296A0-5208-46C0-9FAF-1C6BB356E386}
		{F45B1382-5A03-435D-8FD2-668106B77DAA} = {6E5303A4-B111-4F90-A4FE-C5319860B1B3}
		{7265D3FE-9B0D-420E-98FB-D7BFFB923F16} = {AB855B4C-A2C6-468C-BF2D-6F49FF9E44FA}
	EndGlobalSection
EndGlobal
